<?xml version="1.0" encoding="utf-8"?>
<Project ToolsVersion="4.0" xmlns="http://schemas.microsoft.com/developer/msbuild/2003">
  <ItemGroup>
    <Filter Include="Source Files">
      <UniqueIdentifier>{4FC737F1-C7A5-4376-A066-2A32D752A2FF}</UniqueIdentifier>
      <Extensions>cpp;c;cc;cxx;c++;cppm;ixx;def;odl;idl;hpj;bat;asm;asmx</Extensions>
    </Filter>
    <Filter Include="Header Files">
      <UniqueIdentifier>{93995380-89BD-4b04-88EB-625FBE52EBFB}</UniqueIdentifier>
      <Extensions>h;hh;hpp;hxx;h++;hm;inl;inc;ipp;xsd</Extensions>
    </Filter>
    <Filter Include="Resource Files">
      <UniqueIdentifier>{67DA6AB6-F800-4c08-8B7A-83BB121AAD01}</UniqueIdentifier>
      <Extensions>rc;ico;cur;bmp;dlg;rc2;rct;bin;rgs;gif;jpg;jpeg;jpe;resx;tiff;tif;png;wav;mfcribbon-ms</Extensions>
    </Filter>
  </ItemGroup>
  <ItemGroup>
    <ClCompile Include="..\..\app\appmain.cpp">
      <Filter>Source Files</Filter>
    </ClCompile>
    <ClCompile Include="..\..\app\svguiapp.cpp">
      <Filter>Source Files</Filter>
    </ClCompile>
    <ClCompile Include="domwalker.cpp">
      <Filter>Source Files</Filter>
    </ClCompile>
  </ItemGroup>
  <ItemGroup>
    <ClInclude Include="..\..\app\svguiapp.h">
      <Filter>Header Files</Filter>
    </ClInclude>
    <ClInclude Include="svgdomwalker.h">
      <Filter>Header Files</Filter>
    </ClInclude>
    <ClInclude Include="..\..\svg\irendersvg.h">
      <Filter>Header Files</Filter>
    </ClInclude>
    <ClInclude Include="..\..\svg\svgdrawingstate.h">
      <Filter>Header Files</Filter>
    </ClInclude>
    <ClInclude Include="..\svgexplorer\svgicons.h">
      <Filter>Header Files</Filter>
    </ClInclude>
    <ClInclude Include="..\..\svg\svgattributes.h">
      <Filter>Header Files</Filter>
    </ClInclude>
    <ClInclude Include="..\..\svg\svgdatatypes.h">
      <Filter>Header Files</Filter>
    </ClInclude>
    <ClInclude Include="..\..\svg\svgcss.h">
      <Filter>Header Files</Filter>
    </ClInclude>
    <ClInclude Include="..\..\svg\pathsegmenter.h">
      <Filter>Header Files</Filter>
    </ClInclude>
    <ClInclude Include="..\..\svg\svgpath.h">
      <Filter>Header Files</Filter>
    </ClInclude>
    <ClInclude Include="..\..\blend2d\blend2d\path.h">
      <Filter>Header Files</Filter>
    </ClInclude>
    <ClInclude Include="..\..\svg\svgshapes.h">
      <Filter>Header Files</Filter>
    </ClInclude>
    <ClInclude Include="..\..\svg\b2dpath.h">
      <Filter>Header Files</Filter>
    </ClInclude>
    <ClInclude Include="..\..\svg\maths.h">
      <Filter>Header Files</Filter>
    </ClInclude>
    <ClInclude Include="..\..\app\svganimation.h">
      <Filter>Header Files</Filter>
    </ClInclude>
    <ClInclude Include="..\..\svg\bspan.h">
      <Filter>Header Files</Filter>
    </ClInclude>
    <ClInclude Include="..\..\svg\converters.h">
      <Filter>Header Files</Filter>
    </ClInclude>
    <ClInclude Include="..\..\app\spacialgrid.h">
      <Filter>Header Files</Filter>
    </ClInclude>
    <ClInclude Include="..\..\app\agraphic.h">
      <Filter>Header Files</Filter>
    </ClInclude>
    <ClInclude Include="..\..\app\memiter.h">
      <Filter>Header Files</Filter>
    </ClInclude>
    <ClInclude Include="..\..\svg\charset.h">
      <Filter>Header Files</Filter>
    </ClInclude>
    <ClInclude Include="..\..\svg\ocutil.h">
      <Filter>Header Files</Filter>
    </ClInclude>
    <ClInclude Include="..\..\svg\xmltypes.h">
      <Filter>Header Files</Filter>
    </ClInclude>
    <ClInclude Include="..\..\svg\svgdom.h">
      <Filter>Header Files</Filter>
    </ClInclude>
  </ItemGroup>
</Project>