<?xml version="1.0" encoding="utf-8"?>
<Project ToolsVersion="4.0" xmlns="http://schemas.microsoft.com/developer/msbuild/2003">
  <ItemGroup>
    <Filter Include="Source Files">
      <UniqueIdentifier>{4FC737F1-C7A5-4376-A066-2A32D752A2FF}</UniqueIdentifier>
      <Extensions>cpp;c;cc;cxx;c++;cppm;ixx;def;odl;idl;hpj;bat;asm;asmx</Extensions>
    </Filter>
    <Filter Include="Header Files">
      <UniqueIdentifier>{93995380-89BD-4b04-88EB-625FBE52EBFB}</UniqueIdentifier>
      <Extensions>h;hh;hpp;hxx;h++;hm;inl;inc;ipp;xsd</Extensions>
    </Filter>
    <Filter Include="Resource Files">
      <UniqueIdentifier>{67DA6AB6-F800-4c08-8B7A-83BB121AAD01}</UniqueIdentifier>
      <Extensions>rc;ico;cur;bmp;dlg;rc2;rct;bin;rgs;gif;jpg;jpeg;jpe;resx;tiff;tif;png;wav;mfcribbon-ms</Extensions>
    </Filter>
  </ItemGroup>
  <ItemGroup>
    <ClCompile Include="..\..\app\appmain.cpp">
      <Filter>Source Files</Filter>
    </ClCompile>
    <ClCompile Include="svgviewer.cpp">
      <Filter>Source Files</Filter>
    </ClCompile>
    <ClCompile Include="..\..\app\svguiapp.cpp">
      <Filter>Source Files</Filter>
    </ClCompile>
  </ItemGroup>
  <ItemGroup>
    <ClInclude Include="..\..\app\apphost.h">
      <Filter>Header Files</Filter>
    </ClInclude>
    <ClInclude Include="..\..\svg\fonthandler.h">
      <Filter>Header Files</Filter>
    </ClInclude>
    <ClInclude Include="..\..\svg\svgdrawingcontext.h">
      <Filter>Header Files</Filter>
    </ClInclude>
    <ClInclude Include="..\..\app\user32pixelmap.h">
      <Filter>Header Files</Filter>
    </ClInclude>
    <ClInclude Include="..\..\svg\irendersvg.h">
      <Filter>Header Files</Filter>
    </ClInclude>
    <ClInclude Include="..\..\svg\svgshapes.h">
      <Filter>Header Files</Filter>
    </ClInclude>
    <ClInclude Include="..\..\svg\svgattributes.h">
      <Filter>Header Files</Filter>
    </ClInclude>
    <ClInclude Include="..\..\svg\svgstructuretypes.h">
      <Filter>Header Files</Filter>
    </ClInclude>
    <ClInclude Include="..\..\svg\svgdocument.h">
      <Filter>Header Files</Filter>
    </ClInclude>
    <ClInclude Include="..\..\svg\definitions.h">
      <Filter>Header Files</Filter>
    </ClInclude>
    <ClInclude Include="..\..\svg\svgcolors.h">
      <Filter>Header Files</Filter>
    </ClInclude>
    <ClInclude Include="..\..\svg\svgdatatypes.h">
      <Filter>Header Files</Filter>
    </ClInclude>
    <ClInclude Include="..\..\svg\base64.h">
      <Filter>Header Files</Filter>
    </ClInclude>
    <ClInclude Include="..\..\svg\svgcss.h">
      <Filter>Header Files</Filter>
    </ClInclude>
    <ClInclude Include="..\..\svg\svgfilter.h">
      <Filter>Header Files</Filter>
    </ClInclude>
    <ClInclude Include="..\..\svg\svg.h">
      <Filter>Header Files</Filter>
    </ClInclude>
    <ClInclude Include="..\..\svg\svgfont.h">
      <Filter>Header Files</Filter>
    </ClInclude>
    <ClInclude Include="..\..\app\mappedfile.h">
      <Filter>Header Files</Filter>
    </ClInclude>
    <ClInclude Include="..\..\svg\bspan.h">
      <Filter>Header Files</Filter>
    </ClInclude>
    <ClInclude Include="..\..\svg\xmlscan.h">
      <Filter>Header Files</Filter>
    </ClInclude>
    <ClInclude Include="..\..\svg\bit_hacks.h">
      <Filter>Header Files</Filter>
    </ClInclude>
    <ClInclude Include="..\..\svg\svgtext.h">
      <Filter>Header Files</Filter>
    </ClInclude>
    <ClInclude Include="..\..\app\recorder.h">
      <Filter>Header Files</Filter>
    </ClInclude>
    <ClInclude Include="..\..\svg\viewport.h">
      <Filter>Header Files</Filter>
    </ClInclude>
    <ClInclude Include="..\..\app\svguiapp.h">
      <Filter>Header Files</Filter>
    </ClInclude>
    <ClInclude Include="..\..\app\screensnapshot.h">
      <Filter>Header Files</Filter>
    </ClInclude>
    <ClInclude Include="..\..\app\svgwaavs.h">
      <Filter>Header Files</Filter>
    </ClInclude>
    <ClInclude Include="..\..\svg\svgstructure.h">
      <Filter>Header Files</Filter>
    </ClInclude>
    <ClInclude Include="..\..\svg\svgpattern.h">
      <Filter>Header Files</Filter>
    </ClInclude>
    <ClInclude Include="..\..\svg\svggradient.h">
      <Filter>Header Files</Filter>
    </ClInclude>
    <ClInclude Include="..\..\svg\svgstyle.h">
      <Filter>Header Files</Filter>
    </ClInclude>
    <ClInclude Include="..\..\svg\svgimage.h">
      <Filter>Header Files</Filter>
    </ClInclude>
    <ClInclude Include="..\..\svg\svgconditional.h">
      <Filter>Header Files</Filter>
    </ClInclude>
    <ClInclude Include="..\..\svg\svghyperlink.h">
      <Filter>Header Files</Filter>
    </ClInclude>
    <ClInclude Include="..\..\svg\svgmask.h">
      <Filter>Header Files</Filter>
    </ClInclude>
    <ClInclude Include="..\..\svg\svgextensibility.h">
      <Filter>Header Files</Filter>
    </ClInclude>
    <ClInclude Include="..\..\svg\svgclip.h">
      <Filter>Header Files</Filter>
    </ClInclude>
    <ClInclude Include="..\..\svg\svgmarker.h">
      <Filter>Header Files</Filter>
    </ClInclude>
    <ClInclude Include="..\..\svg\converters.h">
      <Filter>Header Files</Filter>
    </ClInclude>
    <ClInclude Include="..\..\svg\maths.h">
      <Filter>Header Files</Filter>
    </ClInclude>
    <ClInclude Include="..\..\svg\utf8.h">
      <Filter>Header Files</Filter>
    </ClInclude>
    <ClInclude Include="..\..\svg\xmlentity.h">
      <Filter>Header Files</Filter>
    </ClInclude>
    <ClInclude Include="..\..\svg\membuff.h">
      <Filter>Header Files</Filter>
    </ClInclude>
    <ClInclude Include="..\..\svg\charset.h">
      <Filter>Header Files</Filter>
    </ClInclude>
    <ClInclude Include="..\..\svg\svgenums.h">
      <Filter>Header Files</Filter>
    </ClInclude>
    <ClInclude Include="svgicons.h">
      <Filter>Header Files</Filter>
    </ClInclude>
    <ClInclude Include="..\..\svg\svgscript.h">
      <Filter>Header Files</Filter>
    </ClInclude>
    <ClInclude Include="..\..\svg\svgfactory.h">
      <Filter>Header Files</Filter>
    </ClInclude>
    <ClInclude Include="..\..\svg\wsenum.h">
      <Filter>Header Files</Filter>
    </ClInclude>
    <ClInclude Include="..\..\svg\svgsymbol.h">
      <Filter>Header Files</Filter>
    </ClInclude>
    <ClInclude Include="..\..\app\viewnavigator.h">
      <Filter>Header Files</Filter>
    </ClInclude>
    <ClInclude Include="..\..\app\nativewindow.h">
      <Filter>Header Files</Filter>
    </ClInclude>
    <ClInclude Include="..\..\svg\imanagesvgstate.h">
      <Filter>Header Files</Filter>
    </ClInclude>
    <ClInclude Include="..\..\svg\pathsegment.h">
      <Filter>Header Files</Filter>
    </ClInclude>
    <ClInclude Include="..\..\app\appmodule.h">
      <Filter>Header Files</Filter>
    </ClInclude>
    <ClInclude Include="..\..\svg\svgdrawingstate.h">
      <Filter>Header Files</Filter>
    </ClInclude>
    <ClInclude Include="..\..\svg\pubsub.h">
      <Filter>Header Files</Filter>
    </ClInclude>
    <ClInclude Include="..\..\svg\svgb2ddriver.h">
      <Filter>Header Files</Filter>
    </ClInclude>
    <ClInclude Include="..\..\svg\smildatatypes.h">
      <Filter>Header Files</Filter>
    </ClInclude>
    <ClInclude Include="..\..\svg\xmltypes.h">
      <Filter>Header Files</Filter>
    </ClInclude>
    <ClInclude Include="..\..\svg\xmlschema.h">
      <Filter>Header Files</Filter>
    </ClInclude>
    <ClInclude Include="..\..\app\waavsdisplaycapture.h">
      <Filter>Header Files</Filter>
    </ClInclude>
    <ClInclude Include="..\..\svg\nametable.h">
      <Filter>Header Files</Filter>
    </ClInclude>
    <ClInclude Include="..\..\svg\svgatoms.h">
      <Filter>Header Files</Filter>
    </ClInclude>
    <ClInclude Include="..\..\svg\svgunits.h">
      <Filter>Header Files</Filter>
    </ClInclude>
    <ClInclude Include="..\..\svg\svgflowroot.h">
      <Filter>Header Files</Filter>
    </ClInclude>
    <ClInclude Include="..\..\svg\twobitpu.h">
      <Filter>Header Files</Filter>
    </ClInclude>
    <ClInclude Include="..\..\svg\pathprogramexec.h">
      <Filter>Header Files</Filter>
    </ClInclude>
    <ClInclude Include="..\..\svg\svgcamera.h">
      <Filter>Header Files</Filter>
    </ClInclude>
    <ClInclude Include="..\..\svg\svguse.h">
      <Filter>Header Files</Filter>
    </ClInclude>
    <ClInclude Include="..\..\svg\svgdefs.h">
      <Filter>Header Files</Filter>
    </ClInclude>
    <ClInclude Include="..\..\svg\svgsolidcolor.h">
      <Filter>Header Files</Filter>
    </ClInclude>
    <ClInclude Include="..\..\svg\svgtextlayout.h">
      <Filter>Header Files</Filter>
    </ClInclude>
    <ClInclude Include="..\..\svg\framesource.h">
      <Filter>Header Files</Filter>
    </ClInclude>
    <ClInclude Include="..\..\svg\frames_blend2d_source.h">
      <Filter>Header Files</Filter>
    </ClInclude>
    <ClInclude Include="..\..\svg\stopwatch.h">
      <Filter>Header Files</Filter>
    </ClInclude>
    <ClInclude Include="..\..\app\frames_ffmpeg_source.h">
      <Filter>Header Files</Filter>
    </ClInclude>
    <ClInclude Include="..\..\app\waavsframe.h">
      <Filter>Header Files</Filter>
    </ClInclude>
    <ClInclude Include="..\..\svg\pixelaccessor.h">
      <Filter>Header Files</Filter>
    </ClInclude>
    <ClInclude Include="..\..\svg\filter_program.h">
      <Filter>Header Files</Filter>
    </ClInclude>
    <ClInclude Include="..\..\svg\filter_program_exec.h">
      <Filter>Header Files</Filter>
    </ClInclude>
    <ClInclude Include="..\..\svg\filter_program_builder.h">
      <Filter>Header Files</Filter>
    </ClInclude>
    <ClInclude Include="..\..\svg\filter_program_exec_b2d.h">
      <Filter>Header Files</Filter>
    </ClInclude>
    <ClInclude Include="..\..\svg\svggraphicselement.h">
      <Filter>Header Files</Filter>
    </ClInclude>
    <ClInclude Include="..\..\svg\pixeling.h">
      <Filter>Header Files</Filter>
    </ClInclude>
    <ClInclude Include="..\..\svg\coloring.h">
      <Filter>Header Files</Filter>
    </ClInclude>
    <ClInclude Include="..\..\svg\wggeometry.h">
      <Filter>Header Files</Filter>
    </ClInclude>
    <ClInclude Include="..\..\svg\surface.h">
      <Filter>Header Files</Filter>
    </ClInclude>
    <ClInclude Include="..\..\svg\blend2d_connect.h">
      <Filter>Header Files</Filter>
    </ClInclude>
    <ClInclude Include="..\..\svg\filter_noise.h">
      <Filter>Header Files</Filter>
    </ClInclude>
    <ClInclude Include="..\..\svg\svgmisc.h">
      <Filter>Header Files</Filter>
    </ClInclude>
    <ClInclude Include="..\..\svg\filter_codec.h">
      <Filter>Header Files</Filter>
    </ClInclude>
    <ClInclude Include="..\..\svg\pathprogram.h">
      <Filter>Header Files</Filter>
    </ClInclude>
    <ClInclude Include="..\..\svg\pathprogram_builder.h">
      <Filter>Header Files</Filter>
    </ClInclude>
    <ClInclude Include="..\..\svg\pathsegment_normalizer.h">
      <Filter>Header Files</Filter>
    </ClInclude>
    <ClInclude Include="..\..\svg\pathattribute_parser.h">
      <Filter>Header Files</Filter>
    </ClInclude>
    <ClInclude Include="..\..\svg\pathprogram_flattener.h">
      <Filter>Header Files</Filter>
    </ClInclude>
    <ClInclude Include="..\..\svg\pathprogram_dasher.h">
      <Filter>Header Files</Filter>
    </ClInclude>
    <ClInclude Include="..\..\svg\effects.h">
      <Filter>Header Files</Filter>
    </ClInclude>
    <ClInclude Include="..\..\svg\svgobject.h">
      <Filter>Header Files</Filter>
    </ClInclude>
    <ClInclude Include="..\..\svg\filter_fecomposite.h">
      <Filter>Header Files</Filter>
    </ClInclude>
    <ClInclude Include="..\..\svg\filter_feblend.h">
      <Filter>Header Files</Filter>
    </ClInclude>
    <ClInclude Include="..\..\svg\filter_fegaussian.h">
      <Filter>Header Files</Filter>
    </ClInclude>
    <ClInclude Include="..\..\svg\filter_fecolormatrix.h">
      <Filter>Header Files</Filter>
    </ClInclude>
    <ClInclude Include="..\..\svg\filter_femorphology.h">
      <Filter>Header Files</Filter>
    </ClInclude>
    <ClInclude Include="..\..\svg\scanning.h">
      <Filter>Header Files</Filter>
    </ClInclude>
    <ClInclude Include="..\..\svg\xmltoken.h">
      <Filter>Header Files</Filter>
    </ClInclude>
    <ClInclude Include="..\..\svg\filter_fespecularlight.h">
      <Filter>Header Files</Filter>
    </ClInclude>
    <ClInclude Include="..\..\svg\filter_types.h">
      <Filter>Header Files</Filter>
    </ClInclude>
    <ClInclude Include="..\..\svg\filter_fediffuselight.h">
      <Filter>Header Files</Filter>
    </ClInclude>
    <ClInclude Include="..\..\svg\filter_fecomponenttransfer.h">
      <Filter>Header Files</Filter>
    </ClInclude>
    <ClInclude Include="..\..\svg\pixeling_porterduff.h">
      <Filter>Header Files</Filter>
    </ClInclude>
    <ClInclude Include="..\..\svg\maths_base.h">
      <Filter>Header Files</Filter>
    </ClInclude>
    <ClInclude Include="..\..\svg\maths_matrix.h">
      <Filter>Header Files</Filter>
    </ClInclude>
    <ClInclude Include="..\..\svg\maths_transcend.h">
      <Filter>Header Files</Filter>
    </ClInclude>
    <ClInclude Include="..\..\svg\pixeling_blend.h">
      <Filter>Header Files</Filter>
    </ClInclude>
    <ClInclude Include="..\..\svg\surface_info.h">
      <Filter>Header Files</Filter>
    </ClInclude>
    <ClInclude Include="..\..\svg\waavsgraph.h">
      <Filter>Header Files</Filter>
    </ClInclude>
    <ClInclude Include="..\..\svg\filter_exec.h">
      <Filter>Header Files</Filter>
    </ClInclude>
    <ClInclude Include="..\..\svg\filter_feflood.h">
      <Filter>Header Files</Filter>
    </ClInclude>
    <ClInclude Include="..\..\svg\surface_draw.h">
      <Filter>Header Files</Filter>
    </ClInclude>
    <ClInclude Include="..\..\svg\surface_traversal.h">
      <Filter>Header Files</Filter>
    </ClInclude>
    <ClInclude Include="..\..\svg\pixeling_scale.h">
      <Filter>Header Files</Filter>
    </ClInclude>
    <ClInclude Include="..\..\svg\surface_area_resolver.h">
      <Filter>Header Files</Filter>
    </ClInclude>
    <ClInclude Include="..\..\svg\filter_lighting.h">
      <Filter>Header Files</Filter>
    </ClInclude>
    <ClInclude Include="..\..\svg\pixel_effects.h">
      <Filter>Header Files</Filter>
    </ClInclude>
    <ClInclude Include="..\..\svg\filter_primitive_fevoronoi.h">
      <Filter>Header Files</Filter>
    </ClInclude>
    <ClInclude Include="..\..\svg\filter_primitive_element.h">
      <Filter>Header Files</Filter>
    </ClInclude>
    <ClInclude Include="..\..\svg\filter_primitive_subcomponent.h">
      <Filter>Header Files</Filter>
    </ClInclude>
    <ClInclude Include="..\..\svg\bit_util.h">
      <Filter>Header Files</Filter>
    </ClInclude>
    <ClInclude Include="..\..\svg\bit_bops.h">
      <Filter>Header Files</Filter>
    </ClInclude>
    <ClInclude Include="..\..\svg\bit_reader.h">
      <Filter>Header Files</Filter>
    </ClInclude>
  </ItemGroup>
</Project>