<?xml version="1.0" encoding="utf-8"?>
<Project ToolsVersion="4.0" xmlns="http://schemas.microsoft.com/developer/msbuild/2003">
  <ItemGroup>
    <Filter Include="Source Files">
      <UniqueIdentifier>{4FC737F1-C7A5-4376-A066-2A32D752A2FF}</UniqueIdentifier>
      <Extensions>cpp;c;cc;cxx;c++;cppm;ixx;def;odl;idl;hpj;bat;asm;asmx</Extensions>
    </Filter>
    <Filter Include="Header Files">
      <UniqueIdentifier>{93995380-89BD-4b04-88EB-625FBE52EBFB}</UniqueIdentifier>
      <Extensions>h;hh;hpp;hxx;h++;hm;inl;inc;ipp;xsd</Extensions>
    </Filter>
    <Filter Include="Resource Files">
      <UniqueIdentifier>{67DA6AB6-F800-4c08-8B7A-83BB121AAD01}</UniqueIdentifier>
      <Extensions>rc;ico;cur;bmp;dlg;rc2;rct;bin;rgs;gif;jpg;jpeg;jpe;resx;tiff;tif;png;wav;mfcribbon-ms</Extensions>
    </Filter>
  </ItemGroup>
  <ItemGroup>
    <ClCompile Include="..\..\app\appmain.cpp">
      <Filter>Source Files</Filter>
    </ClCompile>
    <ClCompile Include="svgviewer.cpp">
      <Filter>Source Files</Filter>
    </ClCompile>
    <ClCompile Include="..\..\app\svguiapp.cpp">
      <Filter>Source Files</Filter>
    </ClCompile>
  </ItemGroup>
  <ItemGroup>
    <ClInclude Include="..\..\app\apphost.h">
      <Filter>Header Files</Filter>
    </ClInclude>
    <ClInclude Include="..\..\svg\fonthandler.h">
      <Filter>Header Files</Filter>
    </ClInclude>
    <ClInclude Include="..\..\app\pixelaccessor.h">
      <Filter>Header Files</Filter>
    </ClInclude>
    <ClInclude Include="..\..\svg\svgdrawingcontext.h">
      <Filter>Header Files</Filter>
    </ClInclude>
    <ClInclude Include="..\..\app\user32pixelmap.h">
      <Filter>Header Files</Filter>
    </ClInclude>
    <ClInclude Include="..\..\svg\irendersvg.h">
      <Filter>Header Files</Filter>
    </ClInclude>
    <ClInclude Include="..\..\svg\svgshapes.h">
      <Filter>Header Files</Filter>
    </ClInclude>
    <ClInclude Include="..\..\svg\svgattributes.h">
      <Filter>Header Files</Filter>
    </ClInclude>
    <ClInclude Include="..\..\svg\svgstructuretypes.h">
      <Filter>Header Files</Filter>
    </ClInclude>
    <ClInclude Include="..\..\svg\svgdocument.h">
      <Filter>Header Files</Filter>
    </ClInclude>
    <ClInclude Include="..\..\svg\definitions.h">
      <Filter>Header Files</Filter>
    </ClInclude>
    <ClInclude Include="..\..\svg\svgpath.h">
      <Filter>Header Files</Filter>
    </ClInclude>
    <ClInclude Include="..\..\svg\svgcolors.h">
      <Filter>Header Files</Filter>
    </ClInclude>
    <ClInclude Include="..\..\svg\svgdatatypes.h">
      <Filter>Header Files</Filter>
    </ClInclude>
    <ClInclude Include="..\..\svg\base64.h">
      <Filter>Header Files</Filter>
    </ClInclude>
    <ClInclude Include="..\..\svg\svgcss.h">
      <Filter>Header Files</Filter>
    </ClInclude>
    <ClInclude Include="..\..\svg\svgfilter.h">
      <Filter>Header Files</Filter>
    </ClInclude>
    <ClInclude Include="..\..\svg\svg.h">
      <Filter>Header Files</Filter>
    </ClInclude>
    <ClInclude Include="..\..\svg\svgfont.h">
      <Filter>Header Files</Filter>
    </ClInclude>
    <ClInclude Include="..\..\app\mappedfile.h">
      <Filter>Header Files</Filter>
    </ClInclude>
    <ClInclude Include="..\..\svg\bspan.h">
      <Filter>Header Files</Filter>
    </ClInclude>
    <ClInclude Include="..\..\svg\xmlscan.h">
      <Filter>Header Files</Filter>
    </ClInclude>
    <ClInclude Include="..\..\svg\bithacks.h">
      <Filter>Header Files</Filter>
    </ClInclude>
    <ClInclude Include="..\..\svg\svgtext.h">
      <Filter>Header Files</Filter>
    </ClInclude>
    <ClInclude Include="..\..\app\recorder.h">
      <Filter>Header Files</Filter>
    </ClInclude>
    <ClInclude Include="..\..\svg\viewport.h">
      <Filter>Header Files</Filter>
    </ClInclude>
    <ClInclude Include="..\..\app\svguiapp.h">
      <Filter>Header Files</Filter>
    </ClInclude>
    <ClInclude Include="..\..\svg\collections.h">
      <Filter>Header Files</Filter>
    </ClInclude>
    <ClInclude Include="..\..\app\screensnapshot.h">
      <Filter>Header Files</Filter>
    </ClInclude>
    <ClInclude Include="..\..\app\svgwaavs.h">
      <Filter>Header Files</Filter>
    </ClInclude>
    <ClInclude Include="..\..\svg\svgstructure.h">
      <Filter>Header Files</Filter>
    </ClInclude>
    <ClInclude Include="..\..\svg\svgpattern.h">
      <Filter>Header Files</Filter>
    </ClInclude>
    <ClInclude Include="..\..\svg\svggradient.h">
      <Filter>Header Files</Filter>
    </ClInclude>
    <ClInclude Include="..\..\svg\svgstyle.h">
      <Filter>Header Files</Filter>
    </ClInclude>
    <ClInclude Include="..\..\svg\svgimage.h">
      <Filter>Header Files</Filter>
    </ClInclude>
    <ClInclude Include="..\..\svg\svgconditional.h">
      <Filter>Header Files</Filter>
    </ClInclude>
    <ClInclude Include="..\..\svg\svghyperlink.h">
      <Filter>Header Files</Filter>
    </ClInclude>
    <ClInclude Include="..\..\svg\svgmask.h">
      <Filter>Header Files</Filter>
    </ClInclude>
    <ClInclude Include="..\..\svg\svgextensibility.h">
      <Filter>Header Files</Filter>
    </ClInclude>
    <ClInclude Include="..\..\svg\svgclip.h">
      <Filter>Header Files</Filter>
    </ClInclude>
    <ClInclude Include="..\..\svg\svgmarker.h">
      <Filter>Header Files</Filter>
    </ClInclude>
    <ClInclude Include="..\..\svg\converters.h">
      <Filter>Header Files</Filter>
    </ClInclude>
    <ClInclude Include="..\..\svg\maths.h">
      <Filter>Header Files</Filter>
    </ClInclude>
    <ClInclude Include="..\..\svg\utf8.h">
      <Filter>Header Files</Filter>
    </ClInclude>
    <ClInclude Include="..\..\svg\xmlentity.h">
      <Filter>Header Files</Filter>
    </ClInclude>
    <ClInclude Include="..\..\svg\membuff.h">
      <Filter>Header Files</Filter>
    </ClInclude>
    <ClInclude Include="..\..\svg\charset.h">
      <Filter>Header Files</Filter>
    </ClInclude>
    <ClInclude Include="..\..\svg\svgenums.h">
      <Filter>Header Files</Filter>
    </ClInclude>
    <ClInclude Include="svgicons.h">
      <Filter>Header Files</Filter>
    </ClInclude>
    <ClInclude Include="..\..\svg\svgscript.h">
      <Filter>Header Files</Filter>
    </ClInclude>
    <ClInclude Include="..\..\svg\svgfactory.h">
      <Filter>Header Files</Filter>
    </ClInclude>
    <ClInclude Include="..\..\svg\wsenum.h">
      <Filter>Header Files</Filter>
    </ClInclude>
    <ClInclude Include="..\..\svg\svgportal.h">
      <Filter>Header Files</Filter>
    </ClInclude>
    <ClInclude Include="..\..\svg\svgcontainer.h">
      <Filter>Header Files</Filter>
    </ClInclude>
    <ClInclude Include="..\..\svg\svgsymbol.h">
      <Filter>Header Files</Filter>
    </ClInclude>
    <ClInclude Include="..\..\app\stopwatch.h">
      <Filter>Header Files</Filter>
    </ClInclude>
    <ClInclude Include="..\..\app\d3dsnapshot.h">
      <Filter>Header Files</Filter>
    </ClInclude>
    <ClInclude Include="..\..\app\viewnavigator.h">
      <Filter>Header Files</Filter>
    </ClInclude>
    <ClInclude Include="..\..\app\nativewindow.h">
      <Filter>Header Files</Filter>
    </ClInclude>
    <ClInclude Include="..\..\app\framebuffer.h">
      <Filter>Header Files</Filter>
    </ClInclude>
    <ClInclude Include="..\..\svg\imanagesvgstate.h">
      <Filter>Header Files</Filter>
    </ClInclude>
    <ClInclude Include="..\..\svg\pathsegmenter.h">
      <Filter>Header Files</Filter>
    </ClInclude>
    <ClInclude Include="..\..\svg\xmliter.h">
      <Filter>Header Files</Filter>
    </ClInclude>
    <ClInclude Include="..\..\app\appmodule.h">
      <Filter>Header Files</Filter>
    </ClInclude>
  </ItemGroup>
</Project>