
Microsoft Visual Studio Solution File, Format Version 12.00
# Visual Studio Version 17
VisualStudioVersion = 17.8.34525.116
MinimumVisualStudioVersion = 10.0.40219.1
Project("{8BC9CEB8-8B4A-11D0-8D11-00A0C91BC942}") = "xmlpull", "xmlpull\xmlpull.vcxproj", "{D6820E72-4265-4C97-A204-5EB309A98077}"
EndProject
Project("{8BC9CEB8-8B4A-11D0-8D11-00A0C91BC942}") = "svgimage", "svgimage\svgimage.vcxproj", "{A0AB4C50-890D-4C12-ABE1-94BCDECC5350}"
EndProject
Project("{8BC9CEB8-8B4A-11D0-8D11-00A0C91BC942}") = "svgviewer", "svgviewer\svgviewer.vcxproj", "{5B455A0A-AEEA-4F6D-81DF-D9DE7C6CAFD7}"
EndProject
Project("{8BC9CEB8-8B4A-11D0-8D11-00A0C91BC942}") = "svgwin32", "svgwin32\svgwin32.vcxproj", "{A79EAEE6-74B7-4DC4-9641-CBC9A094C992}"
EndProject
Project("{8BC9CEB8-8B4A-11D0-8D11-00A0C91BC942}") = "svgpull", "svgpull\svgpull.vcxproj", "{149CC1FE-4C83-49DD-AB5A-5C969A0A4059}"
EndProject
Project("{8BC9CEB8-8B4A-11D0-8D11-00A0C91BC942}") = "svgexplorer", "svgexplorer\svgexplorer.vcxproj", "{9C66711A-6A31-4F47-87BA-ADBA7EFB1DDD}"
EndProject
Project("{8BC9CEB8-8B4A-11D0-8D11-00A0C91BC942}") = "domwalker", "domwalker\domwalker.vcxproj", "{FE4FAB92-B745-47A0-BFE8-6C5069BE1737}"
EndProject
Project("{8BC9CEB8-8B4A-11D0-8D11-00A0C91BC942}") = "transpath", "transpath\transpath.vcxproj", "{22A1AF1D-2E90-4B26-B275-A967C832A4CB}"
EndProject
Project("{8BC9CEB8-8B4A-11D0-8D11-00A0C91BC942}") = "rendtree", "rendtree\rendtree.vcxproj", "{DDF9768F-F8A8-4993-B663-1A6B5E15909A}"
EndProject
Project("{8BC9CEB8-8B4A-11D0-8D11-00A0C91BC942}") = "statestacker", "statestacker\statestacker.vcxproj", "{1D9A0704-8429-43FC-A4AB-155D2C7F60E2}"
EndProject
Project("{8BC9CEB8-8B4A-11D0-8D11-00A0C91BC942}") = "svg2api", "svg2api\svg2api.vcxproj", "{208B2EA7-1993-430A-A4E3-F8FCED9564C2}"
EndProject
Project("{8BC9CEB8-8B4A-11D0-8D11-00A0C91BC942}") = "smilanim", "smilanim\smilanim.vcxproj", "{42B9E1C3-C3BC-4B6F-AA3C-962EE083D20D}"
EndProject
Project("{8BC9CEB8-8B4A-11D0-8D11-00A0C91BC942}") = "tryit", "tryit\tryit.vcxproj", "{BB3B510E-113E-4A0C-B14B-6809DB96DD97}"
EndProject
Project("{8BC9CEB8-8B4A-11D0-8D11-00A0C91BC942}") = "xml2json", "xml2json\xml2json.vcxproj", "{BC16B40B-1F2F-42E5-9B77-8DC0D2C1058C}"
EndProject
Project("{8BC9CEB8-8B4A-11D0-8D11-00A0C91BC942}") = "piper", "piper\piper.vcxproj", "{A6FF254D-5C28-4A35-9857-3EAB9C15E640}"
EndProject
Project("{8BC9CEB8-8B4A-11D0-8D11-00A0C91BC942}") = "graphicshape", "graphicshape\graphicshape.vcxproj", "{C182350E-4A7C-4396-892D-AD81A9AD49D0}"
EndProject
Project("{8BC9CEB8-8B4A-11D0-8D11-00A0C91BC942}") = "xmlfilter", "xmlfilter\xmlfilter.vcxproj", "{15658ACA-0424-4D0A-9D11-E3F4C08F795E}"
EndProject
Global
	GlobalSection(SolutionConfigurationPlatforms) = preSolution
		Debug|ARM64 = Debug|ARM64
		Debug|x64 = Debug|x64
		Debug|x86 = Debug|x86
		Release|ARM64 = Release|ARM64
		Release|x64 = Release|x64
		Release|x86 = Release|x86
	EndGlobalSection
	GlobalSection(ProjectConfigurationPlatforms) = postSolution
		{D6820E72-4265-4C97-A204-5EB309A98077}.Debug|ARM64.ActiveCfg = Debug|ARM64
		{D6820E72-4265-4C97-A204-5EB309A98077}.Debug|ARM64.Build.0 = Debug|ARM64
		{D6820E72-4265-4C97-A204-5EB309A98077}.Debug|x64.ActiveCfg = Debug|x64
		{D6820E72-4265-4C97-A204-5EB309A98077}.Debug|x64.Build.0 = Debug|x64
		{D6820E72-4265-4C97-A204-5EB309A98077}.Debug|x86.ActiveCfg = Debug|Win32
		{D6820E72-4265-4C97-A204-5EB309A98077}.Debug|x86.Build.0 = Debug|Win32
		{D6820E72-4265-4C97-A204-5EB309A98077}.Release|ARM64.ActiveCfg = Release|ARM64
		{D6820E72-4265-4C97-A204-5EB309A98077}.Release|ARM64.Build.0 = Release|ARM64
		{D6820E72-4265-4C97-A204-5EB309A98077}.Release|x64.ActiveCfg = Release|x64
		{D6820E72-4265-4C97-A204-5EB309A98077}.Release|x64.Build.0 = Release|x64
		{D6820E72-4265-4C97-A204-5EB309A98077}.Release|x86.ActiveCfg = Release|Win32
		{D6820E72-4265-4C97-A204-5EB309A98077}.Release|x86.Build.0 = Release|Win32
		{A0AB4C50-890D-4C12-ABE1-94BCDECC5350}.Debug|ARM64.ActiveCfg = Debug|ARM64
		{A0AB4C50-890D-4C12-ABE1-94BCDECC5350}.Debug|ARM64.Build.0 = Debug|ARM64
		{A0AB4C50-890D-4C12-ABE1-94BCDECC5350}.Debug|x64.ActiveCfg = Debug|x64
		{A0AB4C50-890D-4C12-ABE1-94BCDECC5350}.Debug|x64.Build.0 = Debug|x64
		{A0AB4C50-890D-4C12-ABE1-94BCDECC5350}.Debug|x86.ActiveCfg = Debug|Win32
		{A0AB4C50-890D-4C12-ABE1-94BCDECC5350}.Debug|x86.Build.0 = Debug|Win32
		{A0AB4C50-890D-4C12-ABE1-94BCDECC5350}.Release|ARM64.ActiveCfg = Release|ARM64
		{A0AB4C50-890D-4C12-ABE1-94BCDECC5350}.Release|ARM64.Build.0 = Release|ARM64
		{A0AB4C50-890D-4C12-ABE1-94BCDECC5350}.Release|x64.ActiveCfg = Release|x64
		{A0AB4C50-890D-4C12-ABE1-94BCDECC5350}.Release|x64.Build.0 = Release|x64
		{A0AB4C50-890D-4C12-ABE1-94BCDECC5350}.Release|x86.ActiveCfg = Release|Win32
		{A0AB4C50-890D-4C12-ABE1-94BCDECC5350}.Release|x86.Build.0 = Release|Win32
		{5B455A0A-AEEA-4F6D-81DF-D9DE7C6CAFD7}.Debug|ARM64.ActiveCfg = Debug|ARM64
		{5B455A0A-AEEA-4F6D-81DF-D9DE7C6CAFD7}.Debug|ARM64.Build.0 = Debug|ARM64
		{5B455A0A-AEEA-4F6D-81DF-D9DE7C6CAFD7}.Debug|x64.ActiveCfg = Debug|x64
		{5B455A0A-AEEA-4F6D-81DF-D9DE7C6CAFD7}.Debug|x64.Build.0 = Debug|x64
		{5B455A0A-AEEA-4F6D-81DF-D9DE7C6CAFD7}.Debug|x86.ActiveCfg = Debug|Win32
		{5B455A0A-AEEA-4F6D-81DF-D9DE7C6CAFD7}.Debug|x86.Build.0 = Debug|Win32
		{5B455A0A-AEEA-4F6D-81DF-D9DE7C6CAFD7}.Release|ARM64.ActiveCfg = Release|ARM64
		{5B455A0A-AEEA-4F6D-81DF-D9DE7C6CAFD7}.Release|ARM64.Build.0 = Release|ARM64
		{5B455A0A-AEEA-4F6D-81DF-D9DE7C6CAFD7}.Release|x64.ActiveCfg = Release|x64
		{5B455A0A-AEEA-4F6D-81DF-D9DE7C6CAFD7}.Release|x64.Build.0 = Release|x64
		{5B455A0A-AEEA-4F6D-81DF-D9DE7C6CAFD7}.Release|x86.ActiveCfg = Release|Win32
		{5B455A0A-AEEA-4F6D-81DF-D9DE7C6CAFD7}.Release|x86.Build.0 = Release|Win32
		{A79EAEE6-74B7-4DC4-9641-CBC9A094C992}.Debug|ARM64.ActiveCfg = Debug|ARM64
		{A79EAEE6-74B7-4DC4-9641-CBC9A094C992}.Debug|ARM64.Build.0 = Debug|ARM64
		{A79EAEE6-74B7-4DC4-9641-CBC9A094C992}.Debug|x64.ActiveCfg = Debug|x64
		{A79EAEE6-74B7-4DC4-9641-CBC9A094C992}.Debug|x64.Build.0 = Debug|x64
		{A79EAEE6-74B7-4DC4-9641-CBC9A094C992}.Debug|x86.ActiveCfg = Debug|Win32
		{A79EAEE6-74B7-4DC4-9641-CBC9A094C992}.Debug|x86.Build.0 = Debug|Win32
		{A79EAEE6-74B7-4DC4-9641-CBC9A094C992}.Release|ARM64.ActiveCfg = Release|ARM64
		{A79EAEE6-74B7-4DC4-9641-CBC9A094C992}.Release|ARM64.Build.0 = Release|ARM64
		{A79EAEE6-74B7-4DC4-9641-CBC9A094C992}.Release|x64.ActiveCfg = Release|x64
		{A79EAEE6-74B7-4DC4-9641-CBC9A094C992}.Release|x64.Build.0 = Release|x64
		{A79EAEE6-74B7-4DC4-9641-CBC9A094C992}.Release|x86.ActiveCfg = Release|Win32
		{A79EAEE6-74B7-4DC4-9641-CBC9A094C992}.Release|x86.Build.0 = Release|Win32
		{149CC1FE-4C83-49DD-AB5A-5C969A0A4059}.Debug|ARM64.ActiveCfg = Debug|ARM64
		{149CC1FE-4C83-49DD-AB5A-5C969A0A4059}.Debug|ARM64.Build.0 = Debug|ARM64
		{149CC1FE-4C83-49DD-AB5A-5C969A0A4059}.Debug|x64.ActiveCfg = Debug|x64
		{149CC1FE-4C83-49DD-AB5A-5C969A0A4059}.Debug|x64.Build.0 = Debug|x64
		{149CC1FE-4C83-49DD-AB5A-5C969A0A4059}.Debug|x86.ActiveCfg = Debug|Win32
		{149CC1FE-4C83-49DD-AB5A-5C969A0A4059}.Debug|x86.Build.0 = Debug|Win32
		{149CC1FE-4C83-49DD-AB5A-5C969A0A4059}.Release|ARM64.ActiveCfg = Release|ARM64
		{149CC1FE-4C83-49DD-AB5A-5C969A0A4059}.Release|ARM64.Build.0 = Release|ARM64
		{149CC1FE-4C83-49DD-AB5A-5C969A0A4059}.Release|x64.ActiveCfg = Release|x64
		{149CC1FE-4C83-49DD-AB5A-5C969A0A4059}.Release|x64.Build.0 = Release|x64
		{149CC1FE-4C83-49DD-AB5A-5C969A0A4059}.Release|x86.ActiveCfg = Release|Win32
		{149CC1FE-4C83-49DD-AB5A-5C969A0A4059}.Release|x86.Build.0 = Release|Win32
		{9C66711A-6A31-4F47-87BA-ADBA7EFB1DDD}.Debug|ARM64.ActiveCfg = Debug|ARM64
		{9C66711A-6A31-4F47-87BA-ADBA7EFB1DDD}.Debug|ARM64.Build.0 = Debug|ARM64
		{9C66711A-6A31-4F47-87BA-ADBA7EFB1DDD}.Debug|x64.ActiveCfg = Debug|x64
		{9C66711A-6A31-4F47-87BA-ADBA7EFB1DDD}.Debug|x64.Build.0 = Debug|x64
		{9C66711A-6A31-4F47-87BA-ADBA7EFB1DDD}.Debug|x86.ActiveCfg = Debug|Win32
		{9C66711A-6A31-4F47-87BA-ADBA7EFB1DDD}.Debug|x86.Build.0 = Debug|Win32
		{9C66711A-6A31-4F47-87BA-ADBA7EFB1DDD}.Release|ARM64.ActiveCfg = Release|ARM64
		{9C66711A-6A31-4F47-87BA-ADBA7EFB1DDD}.Release|ARM64.Build.0 = Release|ARM64
		{9C66711A-6A31-4F47-87BA-ADBA7EFB1DDD}.Release|x64.ActiveCfg = Release|x64
		{9C66711A-6A31-4F47-87BA-ADBA7EFB1DDD}.Release|x64.Build.0 = Release|x64
		{9C66711A-6A31-4F47-87BA-ADBA7EFB1DDD}.Release|x86.ActiveCfg = Release|Win32
		{9C66711A-6A31-4F47-87BA-ADBA7EFB1DDD}.Release|x86.Build.0 = Release|Win32
		{FE4FAB92-B745-47A0-BFE8-6C5069BE1737}.Debug|ARM64.ActiveCfg = Debug|ARM64
		{FE4FAB92-B745-47A0-BFE8-6C5069BE1737}.Debug|ARM64.Build.0 = Debug|ARM64
		{FE4FAB92-B745-47A0-BFE8-6C5069BE1737}.Debug|x64.ActiveCfg = Debug|x64
		{FE4FAB92-B745-47A0-BFE8-6C5069BE1737}.Debug|x64.Build.0 = Debug|x64
		{FE4FAB92-B745-47A0-BFE8-6C5069BE1737}.Debug|x86.ActiveCfg = Debug|Win32
		{FE4FAB92-B745-47A0-BFE8-6C5069BE1737}.Debug|x86.Build.0 = Debug|Win32
		{FE4FAB92-B745-47A0-BFE8-6C5069BE1737}.Release|ARM64.ActiveCfg = Release|ARM64
		{FE4FAB92-B745-47A0-BFE8-6C5069BE1737}.Release|ARM64.Build.0 = Release|ARM64
		{FE4FAB92-B745-47A0-BFE8-6C5069BE1737}.Release|x64.ActiveCfg = Release|x64
		{FE4FAB92-B745-47A0-BFE8-6C5069BE1737}.Release|x64.Build.0 = Release|x64
		{FE4FAB92-B745-47A0-BFE8-6C5069BE1737}.Release|x86.ActiveCfg = Release|Win32
		{FE4FAB92-B745-47A0-BFE8-6C5069BE1737}.Release|x86.Build.0 = Release|Win32
		{22A1AF1D-2E90-4B26-B275-A967C832A4CB}.Debug|ARM64.ActiveCfg = Debug|ARM64
		{22A1AF1D-2E90-4B26-B275-A967C832A4CB}.Debug|ARM64.Build.0 = Debug|ARM64
		{22A1AF1D-2E90-4B26-B275-A967C832A4CB}.Debug|x64.ActiveCfg = Debug|x64
		{22A1AF1D-2E90-4B26-B275-A967C832A4CB}.Debug|x64.Build.0 = Debug|x64
		{22A1AF1D-2E90-4B26-B275-A967C832A4CB}.Debug|x86.ActiveCfg = Debug|Win32
		{22A1AF1D-2E90-4B26-B275-A967C832A4CB}.Debug|x86.Build.0 = Debug|Win32
		{22A1AF1D-2E90-4B26-B275-A967C832A4CB}.Release|ARM64.ActiveCfg = Release|ARM64
		{22A1AF1D-2E90-4B26-B275-A967C832A4CB}.Release|ARM64.Build.0 = Release|ARM64
		{22A1AF1D-2E90-4B26-B275-A967C832A4CB}.Release|x64.ActiveCfg = Release|x64
		{22A1AF1D-2E90-4B26-B275-A967C832A4CB}.Release|x64.Build.0 = Release|x64
		{22A1AF1D-2E90-4B26-B275-A967C832A4CB}.Release|x86.ActiveCfg = Release|Win32
		{22A1AF1D-2E90-4B26-B275-A967C832A4CB}.Release|x86.Build.0 = Release|Win32
		{DDF9768F-F8A8-4993-B663-1A6B5E15909A}.Debug|ARM64.ActiveCfg = Debug|ARM64
		{DDF9768F-F8A8-4993-B663-1A6B5E15909A}.Debug|ARM64.Build.0 = Debug|ARM64
		{DDF9768F-F8A8-4993-B663-1A6B5E15909A}.Debug|x64.ActiveCfg = Debug|x64
		{DDF9768F-F8A8-4993-B663-1A6B5E15909A}.Debug|x64.Build.0 = Debug|x64
		{DDF9768F-F8A8-4993-B663-1A6B5E15909A}.Debug|x86.ActiveCfg = Debug|Win32
		{DDF9768F-F8A8-4993-B663-1A6B5E15909A}.Debug|x86.Build.0 = Debug|Win32
		{DDF9768F-F8A8-4993-B663-1A6B5E15909A}.Release|ARM64.ActiveCfg = Release|ARM64
		{DDF9768F-F8A8-4993-B663-1A6B5E15909A}.Release|ARM64.Build.0 = Release|ARM64
		{DDF9768F-F8A8-4993-B663-1A6B5E15909A}.Release|x64.ActiveCfg = Release|x64
		{DDF9768F-F8A8-4993-B663-1A6B5E15909A}.Release|x64.Build.0 = Release|x64
		{DDF9768F-F8A8-4993-B663-1A6B5E15909A}.Release|x86.ActiveCfg = Release|Win32
		{DDF9768F-F8A8-4993-B663-1A6B5E15909A}.Release|x86.Build.0 = Release|Win32
		{1D9A0704-8429-43FC-A4AB-155D2C7F60E2}.Debug|ARM64.ActiveCfg = Debug|ARM64
		{1D9A0704-8429-43FC-A4AB-155D2C7F60E2}.Debug|ARM64.Build.0 = Debug|ARM64
		{1D9A0704-8429-43FC-A4AB-155D2C7F60E2}.Debug|x64.ActiveCfg = Debug|x64
		{1D9A0704-8429-43FC-A4AB-155D2C7F60E2}.Debug|x64.Build.0 = Debug|x64
		{1D9A0704-8429-43FC-A4AB-155D2C7F60E2}.Debug|x86.ActiveCfg = Debug|Win32
		{1D9A0704-8429-43FC-A4AB-155D2C7F60E2}.Debug|x86.Build.0 = Debug|Win32
		{1D9A0704-8429-43FC-A4AB-155D2C7F60E2}.Release|ARM64.ActiveCfg = Release|ARM64
		{1D9A0704-8429-43FC-A4AB-155D2C7F60E2}.Release|ARM64.Build.0 = Release|ARM64
		{1D9A0704-8429-43FC-A4AB-155D2C7F60E2}.Release|x64.ActiveCfg = Release|x64
		{1D9A0704-8429-43FC-A4AB-155D2C7F60E2}.Release|x64.Build.0 = Release|x64
		{1D9A0704-8429-43FC-A4AB-155D2C7F60E2}.Release|x86.ActiveCfg = Release|Win32
		{1D9A0704-8429-43FC-A4AB-155D2C7F60E2}.Release|x86.Build.0 = Release|Win32
		{208B2EA7-1993-430A-A4E3-F8FCED9564C2}.Debug|ARM64.ActiveCfg = Debug|ARM64
		{208B2EA7-1993-430A-A4E3-F8FCED9564C2}.Debug|ARM64.Build.0 = Debug|ARM64
		{208B2EA7-1993-430A-A4E3-F8FCED9564C2}.Debug|x64.ActiveCfg = Debug|x64
		{208B2EA7-1993-430A-A4E3-F8FCED9564C2}.Debug|x64.Build.0 = Debug|x64
		{208B2EA7-1993-430A-A4E3-F8FCED9564C2}.Debug|x86.ActiveCfg = Debug|Win32
		{208B2EA7-1993-430A-A4E3-F8FCED9564C2}.Debug|x86.Build.0 = Debug|Win32
		{208B2EA7-1993-430A-A4E3-F8FCED9564C2}.Release|ARM64.ActiveCfg = Release|ARM64
		{208B2EA7-1993-430A-A4E3-F8FCED9564C2}.Release|ARM64.Build.0 = Release|ARM64
		{208B2EA7-1993-430A-A4E3-F8FCED9564C2}.Release|x64.ActiveCfg = Release|x64
		{208B2EA7-1993-430A-A4E3-F8FCED9564C2}.Release|x64.Build.0 = Release|x64
		{208B2EA7-1993-430A-A4E3-F8FCED9564C2}.Release|x86.ActiveCfg = Release|Win32
		{208B2EA7-1993-430A-A4E3-F8FCED9564C2}.Release|x86.Build.0 = Release|Win32
		{42B9E1C3-C3BC-4B6F-AA3C-962EE083D20D}.Debug|ARM64.ActiveCfg = Debug|ARM64
		{42B9E1C3-C3BC-4B6F-AA3C-962EE083D20D}.Debug|ARM64.Build.0 = Debug|ARM64
		{42B9E1C3-C3BC-4B6F-AA3C-962EE083D20D}.Debug|x64.ActiveCfg = Debug|x64
		{42B9E1C3-C3BC-4B6F-AA3C-962EE083D20D}.Debug|x64.Build.0 = Debug|x64
		{42B9E1C3-C3BC-4B6F-AA3C-962EE083D20D}.Debug|x86.ActiveCfg = Debug|Win32
		{42B9E1C3-C3BC-4B6F-AA3C-962EE083D20D}.Debug|x86.Build.0 = Debug|Win32
		{42B9E1C3-C3BC-4B6F-AA3C-962EE083D20D}.Release|ARM64.ActiveCfg = Release|ARM64
		{42B9E1C3-C3BC-4B6F-AA3C-962EE083D20D}.Release|ARM64.Build.0 = Release|ARM64
		{42B9E1C3-C3BC-4B6F-AA3C-962EE083D20D}.Release|x64.ActiveCfg = Release|x64
		{42B9E1C3-C3BC-4B6F-AA3C-962EE083D20D}.Release|x64.Build.0 = Release|x64
		{42B9E1C3-C3BC-4B6F-AA3C-962EE083D20D}.Release|x86.ActiveCfg = Release|Win32
		{42B9E1C3-C3BC-4B6F-AA3C-962EE083D20D}.Release|x86.Build.0 = Release|Win32
		{BB3B510E-113E-4A0C-B14B-6809DB96DD97}.Debug|ARM64.ActiveCfg = Debug|ARM64
		{BB3B510E-113E-4A0C-B14B-6809DB96DD97}.Debug|ARM64.Build.0 = Debug|ARM64
		{BB3B510E-113E-4A0C-B14B-6809DB96DD97}.Debug|x64.ActiveCfg = Debug|x64
		{BB3B510E-113E-4A0C-B14B-6809DB96DD97}.Debug|x64.Build.0 = Debug|x64
		{BB3B510E-113E-4A0C-B14B-6809DB96DD97}.Debug|x86.ActiveCfg = Debug|Win32
		{BB3B510E-113E-4A0C-B14B-6809DB96DD97}.Debug|x86.Build.0 = Debug|Win32
		{BB3B510E-113E-4A0C-B14B-6809DB96DD97}.Release|ARM64.ActiveCfg = Release|ARM64
		{BB3B510E-113E-4A0C-B14B-6809DB96DD97}.Release|ARM64.Build.0 = Release|ARM64
		{BB3B510E-113E-4A0C-B14B-6809DB96DD97}.Release|x64.ActiveCfg = Release|x64
		{BB3B510E-113E-4A0C-B14B-6809DB96DD97}.Release|x64.Build.0 = Release|x64
		{BB3B510E-113E-4A0C-B14B-6809DB96DD97}.Release|x86.ActiveCfg = Release|Win32
		{BB3B510E-113E-4A0C-B14B-6809DB96DD97}.Release|x86.Build.0 = Release|Win32
		{BC16B40B-1F2F-42E5-9B77-8DC0D2C1058C}.Debug|ARM64.ActiveCfg = Debug|ARM64
		{BC16B40B-1F2F-42E5-9B77-8DC0D2C1058C}.Debug|ARM64.Build.0 = Debug|ARM64
		{BC16B40B-1F2F-42E5-9B77-8DC0D2C1058C}.Debug|x64.ActiveCfg = Debug|x64
		{BC16B40B-1F2F-42E5-9B77-8DC0D2C1058C}.Debug|x64.Build.0 = Debug|x64
		{BC16B40B-1F2F-42E5-9B77-8DC0D2C1058C}.Debug|x86.ActiveCfg = Debug|Win32
		{BC16B40B-1F2F-42E5-9B77-8DC0D2C1058C}.Debug|x86.Build.0 = Debug|Win32
		{BC16B40B-1F2F-42E5-9B77-8DC0D2C1058C}.Release|ARM64.ActiveCfg = Release|ARM64
		{BC16B40B-1F2F-42E5-9B77-8DC0D2C1058C}.Release|ARM64.Build.0 = Release|ARM64
		{BC16B40B-1F2F-42E5-9B77-8DC0D2C1058C}.Release|x64.ActiveCfg = Release|x64
		{BC16B40B-1F2F-42E5-9B77-8DC0D2C1058C}.Release|x64.Build.0 = Release|x64
		{BC16B40B-1F2F-42E5-9B77-8DC0D2C1058C}.Release|x86.ActiveCfg = Release|Win32
		{BC16B40B-1F2F-42E5-9B77-8DC0D2C1058C}.Release|x86.Build.0 = Release|Win32
		{A6FF254D-5C28-4A35-9857-3EAB9C15E640}.Debug|ARM64.ActiveCfg = Debug|ARM64
		{A6FF254D-5C28-4A35-9857-3EAB9C15E640}.Debug|ARM64.Build.0 = Debug|ARM64
		{A6FF254D-5C28-4A35-9857-3EAB9C15E640}.Debug|x64.ActiveCfg = Debug|x64
		{A6FF254D-5C28-4A35-9857-3EAB9C15E640}.Debug|x64.Build.0 = Debug|x64
		{A6FF254D-5C28-4A35-9857-3EAB9C15E640}.Debug|x86.ActiveCfg = Debug|Win32
		{A6FF254D-5C28-4A35-9857-3EAB9C15E640}.Debug|x86.Build.0 = Debug|Win32
		{A6FF254D-5C28-4A35-9857-3EAB9C15E640}.Release|ARM64.ActiveCfg = Release|ARM64
		{A6FF254D-5C28-4A35-9857-3EAB9C15E640}.Release|ARM64.Build.0 = Release|ARM64
		{A6FF254D-5C28-4A35-9857-3EAB9C15E640}.Release|x64.ActiveCfg = Release|x64
		{A6FF254D-5C28-4A35-9857-3EAB9C15E640}.Release|x64.Build.0 = Release|x64
		{A6FF254D-5C28-4A35-9857-3EAB9C15E640}.Release|x86.ActiveCfg = Release|Win32
		{A6FF254D-5C28-4A35-9857-3EAB9C15E640}.Release|x86.Build.0 = Release|Win32
		{C182350E-4A7C-4396-892D-AD81A9AD49D0}.Debug|ARM64.ActiveCfg = Debug|ARM64
		{C182350E-4A7C-4396-892D-AD81A9AD49D0}.Debug|ARM64.Build.0 = Debug|ARM64
		{C182350E-4A7C-4396-892D-AD81A9AD49D0}.Debug|x64.ActiveCfg = Debug|x64
		{C182350E-4A7C-4396-892D-AD81A9AD49D0}.Debug|x64.Build.0 = Debug|x64
		{C182350E-4A7C-4396-892D-AD81A9AD49D0}.Debug|x86.ActiveCfg = Debug|Win32
		{C182350E-4A7C-4396-892D-AD81A9AD49D0}.Debug|x86.Build.0 = Debug|Win32
		{C182350E-4A7C-4396-892D-AD81A9AD49D0}.Release|ARM64.ActiveCfg = Release|ARM64
		{C182350E-4A7C-4396-892D-AD81A9AD49D0}.Release|ARM64.Build.0 = Release|ARM64
		{C182350E-4A7C-4396-892D-AD81A9AD49D0}.Release|x64.ActiveCfg = Release|x64
		{C182350E-4A7C-4396-892D-AD81A9AD49D0}.Release|x64.Build.0 = Release|x64
		{C182350E-4A7C-4396-892D-AD81A9AD49D0}.Release|x86.ActiveCfg = Release|Win32
		{C182350E-4A7C-4396-892D-AD81A9AD49D0}.Release|x86.Build.0 = Release|Win32
		{15658ACA-0424-4D0A-9D11-E3F4C08F795E}.Debug|ARM64.ActiveCfg = Debug|ARM64
		{15658ACA-0424-4D0A-9D11-E3F4C08F795E}.Debug|ARM64.Build.0 = Debug|ARM64
		{15658ACA-0424-4D0A-9D11-E3F4C08F795E}.Debug|x64.ActiveCfg = Debug|x64
		{15658ACA-0424-4D0A-9D11-E3F4C08F795E}.Debug|x64.Build.0 = Debug|x64
		{15658ACA-0424-4D0A-9D11-E3F4C08F795E}.Debug|x86.ActiveCfg = Debug|Win32
		{15658ACA-0424-4D0A-9D11-E3F4C08F795E}.Debug|x86.Build.0 = Debug|Win32
		{15658ACA-0424-4D0A-9D11-E3F4C08F795E}.Release|ARM64.ActiveCfg = Release|ARM64
		{15658ACA-0424-4D0A-9D11-E3F4C08F795E}.Release|ARM64.Build.0 = Release|ARM64
		{15658ACA-0424-4D0A-9D11-E3F4C08F795E}.Release|x64.ActiveCfg = Release|x64
		{15658ACA-0424-4D0A-9D11-E3F4C08F795E}.Release|x64.Build.0 = Release|x64
		{15658ACA-0424-4D0A-9D11-E3F4C08F795E}.Release|x86.ActiveCfg = Release|Win32
		{15658ACA-0424-4D0A-9D11-E3F4C08F795E}.Release|x86.Build.0 = Release|Win32
	EndGlobalSection
	GlobalSection(SolutionProperties) = preSolution
		HideSolutionNode = FALSE
	EndGlobalSection
	GlobalSection(ExtensibilityGlobals) = postSolution
		SolutionGuid = {A77896CC-DBB6-4FB5-AF3B-8BF256410DE4}
	EndGlobalSection
EndGlobal
