
Microsoft Visual Studio Solution File, Format Version 12.00
# Visual Studio Version 17
VisualStudioVersion = 17.8.34525.116
MinimumVisualStudioVersion = 10.0.40219.1
Project("{8BC9CEB8-8B4A-11D0-8D11-00A0C91BC942}") = "xmlpull", "xmlpull\xmlpull.vcxproj", "{D6820E72-4265-4C97-A204-5EB309A98077}"
EndProject
Project("{8BC9CEB8-8B4A-11D0-8D11-00A0C91BC942}") = "svgimage", "svgimage\svgimage.vcxproj", "{A0AB4C50-890D-4C12-ABE1-94BCDECC5350}"
EndProject
Project("{8BC9CEB8-8B4A-11D0-8D11-00A0C91BC942}") = "svgviewer", "svgviewer\svgviewer.vcxproj", "{5B455A0A-AEEA-4F6D-81DF-D9DE7C6CAFD7}"
EndProject
Project("{8BC9CEB8-8B4A-11D0-8D11-00A0C91BC942}") = "svgwin32", "svgwin32\svgwin32.vcxproj", "{A79EAEE6-74B7-4DC4-9641-CBC9A094C992}"
EndProject
Project("{8BC9CEB8-8B4A-11D0-8D11-00A0C91BC942}") = "svgdom", "svgdom\svgdom.vcxproj", "{EC86F719-7BB8-4B7E-B7FB-231FEC07CD6B}"
EndProject
Project("{8BC9CEB8-8B4A-11D0-8D11-00A0C91BC942}") = "svgpull", "svgpull\svgpull.vcxproj", "{149CC1FE-4C83-49DD-AB5A-5C969A0A4059}"
EndProject
Project("{8BC9CEB8-8B4A-11D0-8D11-00A0C91BC942}") = "svgexplorer", "svgexplorer\svgexplorer.vcxproj", "{9C66711A-6A31-4F47-87BA-ADBA7EFB1DDD}"
EndProject
Global
	GlobalSection(SolutionConfigurationPlatforms) = preSolution
		Debug|x64 = Debug|x64
		Debug|x86 = Debug|x86
		Release|x64 = Release|x64
		Release|x86 = Release|x86
	EndGlobalSection
	GlobalSection(ProjectConfigurationPlatforms) = postSolution
		{D6820E72-4265-4C97-A204-5EB309A98077}.Debug|x64.ActiveCfg = Debug|x64
		{D6820E72-4265-4C97-A204-5EB309A98077}.Debug|x64.Build.0 = Debug|x64
		{D6820E72-4265-4C97-A204-5EB309A98077}.Debug|x86.ActiveCfg = Debug|Win32
		{D6820E72-4265-4C97-A204-5EB309A98077}.Debug|x86.Build.0 = Debug|Win32
		{D6820E72-4265-4C97-A204-5EB309A98077}.Release|x64.ActiveCfg = Release|x64
		{D6820E72-4265-4C97-A204-5EB309A98077}.Release|x64.Build.0 = Release|x64
		{D6820E72-4265-4C97-A204-5EB309A98077}.Release|x86.ActiveCfg = Release|Win32
		{D6820E72-4265-4C97-A204-5EB309A98077}.Release|x86.Build.0 = Release|Win32
		{A0AB4C50-890D-4C12-ABE1-94BCDECC5350}.Debug|x64.ActiveCfg = Debug|x64
		{A0AB4C50-890D-4C12-ABE1-94BCDECC5350}.Debug|x64.Build.0 = Debug|x64
		{A0AB4C50-890D-4C12-ABE1-94BCDECC5350}.Debug|x86.ActiveCfg = Debug|Win32
		{A0AB4C50-890D-4C12-ABE1-94BCDECC5350}.Debug|x86.Build.0 = Debug|Win32
		{A0AB4C50-890D-4C12-ABE1-94BCDECC5350}.Release|x64.ActiveCfg = Release|x64
		{A0AB4C50-890D-4C12-ABE1-94BCDECC5350}.Release|x64.Build.0 = Release|x64
		{A0AB4C50-890D-4C12-ABE1-94BCDECC5350}.Release|x86.ActiveCfg = Release|Win32
		{A0AB4C50-890D-4C12-ABE1-94BCDECC5350}.Release|x86.Build.0 = Release|Win32
		{5B455A0A-AEEA-4F6D-81DF-D9DE7C6CAFD7}.Debug|x64.ActiveCfg = Debug|x64
		{5B455A0A-AEEA-4F6D-81DF-D9DE7C6CAFD7}.Debug|x64.Build.0 = Debug|x64
		{5B455A0A-AEEA-4F6D-81DF-D9DE7C6CAFD7}.Debug|x86.ActiveCfg = Debug|Win32
		{5B455A0A-AEEA-4F6D-81DF-D9DE7C6CAFD7}.Debug|x86.Build.0 = Debug|Win32
		{5B455A0A-AEEA-4F6D-81DF-D9DE7C6CAFD7}.Release|x64.ActiveCfg = Release|x64
		{5B455A0A-AEEA-4F6D-81DF-D9DE7C6CAFD7}.Release|x64.Build.0 = Release|x64
		{5B455A0A-AEEA-4F6D-81DF-D9DE7C6CAFD7}.Release|x86.ActiveCfg = Release|Win32
		{5B455A0A-AEEA-4F6D-81DF-D9DE7C6CAFD7}.Release|x86.Build.0 = Release|Win32
		{A79EAEE6-74B7-4DC4-9641-CBC9A094C992}.Debug|x64.ActiveCfg = Debug|x64
		{A79EAEE6-74B7-4DC4-9641-CBC9A094C992}.Debug|x64.Build.0 = Debug|x64
		{A79EAEE6-74B7-4DC4-9641-CBC9A094C992}.Debug|x86.ActiveCfg = Debug|Win32
		{A79EAEE6-74B7-4DC4-9641-CBC9A094C992}.Debug|x86.Build.0 = Debug|Win32
		{A79EAEE6-74B7-4DC4-9641-CBC9A094C992}.Release|x64.ActiveCfg = Release|x64
		{A79EAEE6-74B7-4DC4-9641-CBC9A094C992}.Release|x64.Build.0 = Release|x64
		{A79EAEE6-74B7-4DC4-9641-CBC9A094C992}.Release|x86.ActiveCfg = Release|Win32
		{A79EAEE6-74B7-4DC4-9641-CBC9A094C992}.Release|x86.Build.0 = Release|Win32
		{EC86F719-7BB8-4B7E-B7FB-231FEC07CD6B}.Debug|x64.ActiveCfg = Debug|x64
		{EC86F719-7BB8-4B7E-B7FB-231FEC07CD6B}.Debug|x64.Build.0 = Debug|x64
		{EC86F719-7BB8-4B7E-B7FB-231FEC07CD6B}.Debug|x86.ActiveCfg = Debug|Win32
		{EC86F719-7BB8-4B7E-B7FB-231FEC07CD6B}.Debug|x86.Build.0 = Debug|Win32
		{EC86F719-7BB8-4B7E-B7FB-231FEC07CD6B}.Release|x64.ActiveCfg = Release|x64
		{EC86F719-7BB8-4B7E-B7FB-231FEC07CD6B}.Release|x64.Build.0 = Release|x64
		{EC86F719-7BB8-4B7E-B7FB-231FEC07CD6B}.Release|x86.ActiveCfg = Release|Win32
		{EC86F719-7BB8-4B7E-B7FB-231FEC07CD6B}.Release|x86.Build.0 = Release|Win32
		{149CC1FE-4C83-49DD-AB5A-5C969A0A4059}.Debug|x64.ActiveCfg = Debug|x64
		{149CC1FE-4C83-49DD-AB5A-5C969A0A4059}.Debug|x64.Build.0 = Debug|x64
		{149CC1FE-4C83-49DD-AB5A-5C969A0A4059}.Debug|x86.ActiveCfg = Debug|Win32
		{149CC1FE-4C83-49DD-AB5A-5C969A0A4059}.Debug|x86.Build.0 = Debug|Win32
		{149CC1FE-4C83-49DD-AB5A-5C969A0A4059}.Release|x64.ActiveCfg = Release|x64
		{149CC1FE-4C83-49DD-AB5A-5C969A0A4059}.Release|x64.Build.0 = Release|x64
		{149CC1FE-4C83-49DD-AB5A-5C969A0A4059}.Release|x86.ActiveCfg = Release|Win32
		{149CC1FE-4C83-49DD-AB5A-5C969A0A4059}.Release|x86.Build.0 = Release|Win32
		{9C66711A-6A31-4F47-87BA-ADBA7EFB1DDD}.Debug|x64.ActiveCfg = Debug|x64
		{9C66711A-6A31-4F47-87BA-ADBA7EFB1DDD}.Debug|x64.Build.0 = Debug|x64
		{9C66711A-6A31-4F47-87BA-ADBA7EFB1DDD}.Debug|x86.ActiveCfg = Debug|Win32
		{9C66711A-6A31-4F47-87BA-ADBA7EFB1DDD}.Debug|x86.Build.0 = Debug|Win32
		{9C66711A-6A31-4F47-87BA-ADBA7EFB1DDD}.Release|x64.ActiveCfg = Release|x64
		{9C66711A-6A31-4F47-87BA-ADBA7EFB1DDD}.Release|x64.Build.0 = Release|x64
		{9C66711A-6A31-4F47-87BA-ADBA7EFB1DDD}.Release|x86.ActiveCfg = Release|Win32
		{9C66711A-6A31-4F47-87BA-ADBA7EFB1DDD}.Release|x86.Build.0 = Release|Win32
	EndGlobalSection
	GlobalSection(SolutionProperties) = preSolution
		HideSolutionNode = FALSE
	EndGlobalSection
	GlobalSection(ExtensibilityGlobals) = postSolution
		SolutionGuid = {A77896CC-DBB6-4FB5-AF3B-8BF256410DE4}
	EndGlobalSection
EndGlobal
